
Microsoft Visual Studio Solution File, Format Version 12.00
# Visual Studio Version 17
VisualStudioVersion = 17.1.31903.286
MinimumVisualStudioVersion = 10.0.40219.1
Project("{FAE04EC0-301F-11D3-BF4B-00C04F79EFBC}") = "MatrixMPI", "MatrixMPI\MatrixMPI.csproj", "{D1F6ADE5-BE3E-46A9-9DD5-243C6C414BDE}"
EndProject
Global
	GlobalSection(SolutionConfigurationPlatforms) = preSolution
		Debug|Any CPU = Debug|Any CPU
		Release|Any CPU = Release|Any CPU
	EndGlobalSection
	GlobalSection(ProjectConfigurationPlatforms) = postSolution
		{D1F6ADE5-BE3E-46A9-9DD5-243C6C414BDE}.Debug|Any CPU.ActiveCfg = Debug|Any CPU
		{D1F6ADE5-BE3E-46A9-9DD5-243C6C414BDE}.Debug|Any CPU.Build.0 = Debug|Any CPU
		{D1F6ADE5-BE3E-46A9-9DD5-243C6C414BDE}.Release|Any CPU.ActiveCfg = Release|Any CPU
		{D1F6ADE5-BE3E-46A9-9DD5-243C6C414BDE}.Release|Any CPU.Build.0 = Release|Any CPU
	EndGlobalSection
	GlobalSection(SolutionProperties) = preSolution
		HideSolutionNode = FALSE
	EndGlobalSection
	GlobalSection(ExtensibilityGlobals) = postSolution
		SolutionGuid = {39665A32-C575-4A60-BCE0-ED0ED2656275}
	EndGlobalSection
EndGlobal
